
Microsoft Visual Studio Solution File, Format Version 12.00
# Visual Studio Version 16
VisualStudioVersion = 16.0.31515.178
MinimumVisualStudioVersion = 10.0.40219.1
Project("{FAE04EC0-301F-11D3-BF4B-00C04F79EFBC}") = "GeneralStore.MVC", "GeneralStore.MVC\GeneralStore.MVC.csproj", "{EB9573D2-9F59-4BFB-85C0-0AB873D0BAFD}"
EndProject
Global
	GlobalSection(SolutionConfigurationPlatforms) = preSolution
		Debug|Any CPU = Debug|Any CPU
		Release|Any CPU = Release|Any CPU
	EndGlobalSection
	GlobalSection(ProjectConfigurationPlatforms) = postSolution
		{EB9573D2-9F59-4BFB-85C0-0AB873D0BAFD}.Debug|Any CPU.ActiveCfg = Debug|Any CPU
		{EB9573D2-9F59-4BFB-85C0-0AB873D0BAFD}.Debug|Any CPU.Build.0 = Debug|Any CPU
		{EB9573D2-9F59-4BFB-85C0-0AB873D0BAFD}.Release|Any CPU.ActiveCfg = Release|Any CPU
		{EB9573D2-9F59-4BFB-85C0-0AB873D0BAFD}.Release|Any CPU.Build.0 = Release|Any CPU
	EndGlobalSection
	GlobalSection(SolutionProperties) = preSolution
		HideSolutionNode = FALSE
	EndGlobalSection
	GlobalSection(ExtensibilityGlobals) = postSolution
		SolutionGuid = {48C6C079-74EB-4A98-A833-7F1EEDE83297}
	EndGlobalSection
EndGlobal
